
Microsoft Visual Studio Solution File, Format Version 12.00
# Visual Studio Version 17
VisualStudioVersion = 17.2.32602.215
MinimumVisualStudioVersion = 10.0.40219.1
Project("{8BC9CEB8-8B4A-11D0-8D11-00A0C91BC942}") = "Smart_Village_Project", "Smart_Village_Project\Smart_Village_Project.vcxproj", "{323F5E24-341A-4248-A179-41A1558755F4}"
EndProject
Global
	GlobalSection(SolutionConfigurationPlatforms) = preSolution
		Debug|x64 = Debug|x64
		Debug|x86 = Debug|x86
		Release|x64 = Release|x64
		Release|x86 = Release|x86
	EndGlobalSection
	GlobalSection(ProjectConfigurationPlatforms) = postSolution
		{323F5E24-341A-4248-A179-41A1558755F4}.Debug|x64.ActiveCfg = Debug|x64
		{323F5E24-341A-4248-A179-41A1558755F4}.Debug|x64.Build.0 = Debug|x64
		{323F5E24-341A-4248-A179-41A1558755F4}.Debug|x86.ActiveCfg = Debug|Win32
		{323F5E24-341A-4248-A179-41A1558755F4}.Debug|x86.Build.0 = Debug|Win32
		{323F5E24-341A-4248-A179-41A1558755F4}.Release|x64.ActiveCfg = Release|x64
		{323F5E24-341A-4248-A179-41A1558755F4}.Release|x64.Build.0 = Release|x64
		{323F5E24-341A-4248-A179-41A1558755F4}.Release|x86.ActiveCfg = Release|Win32
		{323F5E24-341A-4248-A179-41A1558755F4}.Release|x86.Build.0 = Release|Win32
	EndGlobalSection
	GlobalSection(SolutionProperties) = preSolution
		HideSolutionNode = FALSE
	EndGlobalSection
	GlobalSection(ExtensibilityGlobals) = postSolution
		SolutionGuid = {4D609B28-E66A-435A-99AB-0F057B3791C5}
	EndGlobalSection
EndGlobal
